
Microsoft Visual Studio Solution File, Format Version 12.00
# Visual Studio Version 17
VisualStudioVersion = 17.9.34607.119
MinimumVisualStudioVersion = 10.0.40219.1
Project("{FAE04EC0-301F-11D3-BF4B-00C04F79EFBC}") = "RegistrationForm", "RegistrationForm\RegistrationForm.csproj", "{FD1534AD-75A1-4414-98C3-F547D5C03690}"
EndProject
Global
	GlobalSection(SolutionConfigurationPlatforms) = preSolution
		Debug|Any CPU = Debug|Any CPU
		Release|Any CPU = Release|Any CPU
	EndGlobalSection
	GlobalSection(ProjectConfigurationPlatforms) = postSolution
		{FD1534AD-75A1-4414-98C3-F547D5C03690}.Debug|Any CPU.ActiveCfg = Debug|Any CPU
		{FD1534AD-75A1-4414-98C3-F547D5C03690}.Debug|Any CPU.Build.0 = Debug|Any CPU
		{FD1534AD-75A1-4414-98C3-F547D5C03690}.Release|Any CPU.ActiveCfg = Release|Any CPU
		{FD1534AD-75A1-4414-98C3-F547D5C03690}.Release|Any CPU.Build.0 = Release|Any CPU
	EndGlobalSection
	GlobalSection(SolutionProperties) = preSolution
		HideSolutionNode = FALSE
	EndGlobalSection
	GlobalSection(ExtensibilityGlobals) = postSolution
		SolutionGuid = {613C993D-AB2A-4702-BAF3-39F81F7FDD1B}
	EndGlobalSection
EndGlobal
